
Microsoft Visual Studio Solution File, Format Version 12.00
# Visual Studio 15
VisualStudioVersion = 15.0.27004.2005
MinimumVisualStudioVersion = 10.0.40219.1
Project("{FAE04EC0-301F-11D3-BF4B-00C04F79EFBC}") = "Gomoku", "Gomoku\Gomoku.csproj", "{D3ED483C-556F-4CA5-94D6-969C500C8637}"
EndProject
Global
	GlobalSection(SolutionConfigurationPlatforms) = preSolution
		Debug|Any CPU = Debug|Any CPU
		Release|Any CPU = Release|Any CPU
	EndGlobalSection
	GlobalSection(ProjectConfigurationPlatforms) = postSolution
		{D3ED483C-556F-4CA5-94D6-969C500C8637}.Debug|Any CPU.ActiveCfg = Debug|Any CPU
		{D3ED483C-556F-4CA5-94D6-969C500C8637}.Debug|Any CPU.Build.0 = Debug|Any CPU
		{D3ED483C-556F-4CA5-94D6-969C500C8637}.Release|Any CPU.ActiveCfg = Release|Any CPU
		{D3ED483C-556F-4CA5-94D6-969C500C8637}.Release|Any CPU.Build.0 = Release|Any CPU
	EndGlobalSection
	GlobalSection(SolutionProperties) = preSolution
		HideSolutionNode = FALSE
	EndGlobalSection
	GlobalSection(ExtensibilityGlobals) = postSolution
		SolutionGuid = {C2E2F720-2D69-41FB-A0F3-D0774A5E072D}
	EndGlobalSection
EndGlobal
